
Microsoft Visual Studio Solution File, Format Version 12.00
# Visual Studio 15
VisualStudioVersion = 15.0.28010.2046
MinimumVisualStudioVersion = 10.0.40219.1
Project("{FAE04EC0-301F-11D3-BF4B-00C04F79EFBC}") = "WebApi", "WebApi\WebApi.csproj", "{D5ED968B-418B-47F5-A427-CDADECA41DDF}"
EndProject
Project("{FAE04EC0-301F-11D3-BF4B-00C04F79EFBC}") = "Logic", "Logic\Logic.csproj", "{F6E0850B-F39A-4765-99E6-72D3AB13B3DC}"
EndProject
Project("{2150E333-8FDC-42A3-9474-1A3956D46DE8}") = "UIFilms", "UIFilms", "{597811EF-C04B-4EDE-A4C7-D182A224293B}"
EndProject
Project("{2150E333-8FDC-42A3-9474-1A3956D46DE8}") = "EsService", "EsService", "{92451B1A-F7F5-4A81-810A-6A8BCF04D80E}"
EndProject
Project("{2150E333-8FDC-42A3-9474-1A3956D46DE8}") = "UIExpertSystem", "UIExpertSystem", "{867BFDAE-BDAB-448E-AC76-9AC64215A103}"
EndProject
Project("{FAE04EC0-301F-11D3-BF4B-00C04F79EFBC}") = "ЭСForms", "..\UIExpertSystem\ЭСForms\ЭСForms.csproj", "{26D1338B-0BE0-447B-87A8-861CD23569E1}"
EndProject
Project("{FAE04EC0-301F-11D3-BF4B-00C04F79EFBC}") = "EsStorageAdapter", "..\UIExpertSystem\EsStorageAdapter\EsStorageAdapter.csproj", "{5129E1C7-D5DA-418C-8D45-FFCF4240D8B1}"
EndProject
Project("{FAE04EC0-301F-11D3-BF4B-00C04F79EFBC}") = "ClassicClasses", "..\UIExpertSystem\ClassicClasses\ClassicClasses.csproj", "{8ECB4E69-0F1D-41F6-B283-AB736A02B233}"
EndProject
Project("{FAE04EC0-301F-11D3-BF4B-00C04F79EFBC}") = "ExpertSystemDb", "..\ExpertSystemDb\ExpertSystemDb.csproj", "{FF09E43E-5801-4847-BAB1-C9865550AB6B}"
EndProject
Project("{FAE04EC0-301F-11D3-BF4B-00C04F79EFBC}") = "BaseUI", "..\UIFilms\BaseUI\BaseUI.csproj", "{5B30D555-F855-41AE-B5E1-CCAFF1FB7A96}"
EndProject
Project("{FAE04EC0-301F-11D3-BF4B-00C04F79EFBC}") = "FilmForms", "..\UIFilms\FilmForms\FilmForms.csproj", "{EE4CED1B-64A0-4438-BDE9-38BDE17AB130}"
EndProject
Project("{FAE04EC0-301F-11D3-BF4B-00C04F79EFBC}") = "VkBotLib", "..\..\VkBotLib\VkBotLib\VkBotLib.csproj", "{22FEB85F-5291-4838-BE56-1B9849A2C8F9}"
EndProject
Project("{2150E333-8FDC-42A3-9474-1A3956D46DE8}") = "Utilites", "Utilites", "{B7AF6993-6327-4A53-B036-45A77059A093}"
EndProject
Project("{FAE04EC0-301F-11D3-BF4B-00C04F79EFBC}") = "LoadFilms", "..\Utilities\LoadFilms\LoadFilms.csproj", "{F4F8B185-09FE-4937-BED0-2B37C2704CB4}"
EndProject
Global
	GlobalSection(SolutionConfigurationPlatforms) = preSolution
		Debug|Any CPU = Debug|Any CPU
		Debug|x86 = Debug|x86
		Release|Any CPU = Release|Any CPU
		Release|x86 = Release|x86
	EndGlobalSection
	GlobalSection(ProjectConfigurationPlatforms) = postSolution
		{D5ED968B-418B-47F5-A427-CDADECA41DDF}.Debug|Any CPU.ActiveCfg = Debug|Any CPU
		{D5ED968B-418B-47F5-A427-CDADECA41DDF}.Debug|Any CPU.Build.0 = Debug|Any CPU
		{D5ED968B-418B-47F5-A427-CDADECA41DDF}.Debug|x86.ActiveCfg = Debug|Any CPU
		{D5ED968B-418B-47F5-A427-CDADECA41DDF}.Debug|x86.Build.0 = Debug|Any CPU
		{D5ED968B-418B-47F5-A427-CDADECA41DDF}.Release|Any CPU.ActiveCfg = Release|Any CPU
		{D5ED968B-418B-47F5-A427-CDADECA41DDF}.Release|Any CPU.Build.0 = Release|Any CPU
		{D5ED968B-418B-47F5-A427-CDADECA41DDF}.Release|x86.ActiveCfg = Release|Any CPU
		{D5ED968B-418B-47F5-A427-CDADECA41DDF}.Release|x86.Build.0 = Release|Any CPU
		{F6E0850B-F39A-4765-99E6-72D3AB13B3DC}.Debug|Any CPU.ActiveCfg = Debug|Any CPU
		{F6E0850B-F39A-4765-99E6-72D3AB13B3DC}.Debug|Any CPU.Build.0 = Debug|Any CPU
		{F6E0850B-F39A-4765-99E6-72D3AB13B3DC}.Debug|x86.ActiveCfg = Debug|Any CPU
		{F6E0850B-F39A-4765-99E6-72D3AB13B3DC}.Debug|x86.Build.0 = Debug|Any CPU
		{F6E0850B-F39A-4765-99E6-72D3AB13B3DC}.Release|Any CPU.ActiveCfg = Release|Any CPU
		{F6E0850B-F39A-4765-99E6-72D3AB13B3DC}.Release|Any CPU.Build.0 = Release|Any CPU
		{F6E0850B-F39A-4765-99E6-72D3AB13B3DC}.Release|x86.ActiveCfg = Release|Any CPU
		{F6E0850B-F39A-4765-99E6-72D3AB13B3DC}.Release|x86.Build.0 = Release|Any CPU
		{26D1338B-0BE0-447B-87A8-861CD23569E1}.Debug|Any CPU.ActiveCfg = Debug|x86
		{26D1338B-0BE0-447B-87A8-861CD23569E1}.Debug|x86.ActiveCfg = Debug|x86
		{26D1338B-0BE0-447B-87A8-861CD23569E1}.Debug|x86.Build.0 = Debug|x86
		{26D1338B-0BE0-447B-87A8-861CD23569E1}.Release|Any CPU.ActiveCfg = Release|x86
		{26D1338B-0BE0-447B-87A8-861CD23569E1}.Release|x86.ActiveCfg = Release|x86
		{26D1338B-0BE0-447B-87A8-861CD23569E1}.Release|x86.Build.0 = Release|x86
		{5129E1C7-D5DA-418C-8D45-FFCF4240D8B1}.Debug|Any CPU.ActiveCfg = Debug|Any CPU
		{5129E1C7-D5DA-418C-8D45-FFCF4240D8B1}.Debug|Any CPU.Build.0 = Debug|Any CPU
		{5129E1C7-D5DA-418C-8D45-FFCF4240D8B1}.Debug|x86.ActiveCfg = Debug|Any CPU
		{5129E1C7-D5DA-418C-8D45-FFCF4240D8B1}.Debug|x86.Build.0 = Debug|Any CPU
		{5129E1C7-D5DA-418C-8D45-FFCF4240D8B1}.Release|Any CPU.ActiveCfg = Release|Any CPU
		{5129E1C7-D5DA-418C-8D45-FFCF4240D8B1}.Release|Any CPU.Build.0 = Release|Any CPU
		{5129E1C7-D5DA-418C-8D45-FFCF4240D8B1}.Release|x86.ActiveCfg = Release|Any CPU
		{5129E1C7-D5DA-418C-8D45-FFCF4240D8B1}.Release|x86.Build.0 = Release|Any CPU
		{8ECB4E69-0F1D-41F6-B283-AB736A02B233}.Debug|Any CPU.ActiveCfg = Debug|Any CPU
		{8ECB4E69-0F1D-41F6-B283-AB736A02B233}.Debug|Any CPU.Build.0 = Debug|Any CPU
		{8ECB4E69-0F1D-41F6-B283-AB736A02B233}.Debug|x86.ActiveCfg = Debug|Any CPU
		{8ECB4E69-0F1D-41F6-B283-AB736A02B233}.Debug|x86.Build.0 = Debug|Any CPU
		{8ECB4E69-0F1D-41F6-B283-AB736A02B233}.Release|Any CPU.ActiveCfg = Release|Any CPU
		{8ECB4E69-0F1D-41F6-B283-AB736A02B233}.Release|Any CPU.Build.0 = Release|Any CPU
		{8ECB4E69-0F1D-41F6-B283-AB736A02B233}.Release|x86.ActiveCfg = Release|Any CPU
		{8ECB4E69-0F1D-41F6-B283-AB736A02B233}.Release|x86.Build.0 = Release|Any CPU
		{FF09E43E-5801-4847-BAB1-C9865550AB6B}.Debug|Any CPU.ActiveCfg = Debug|Any CPU
		{FF09E43E-5801-4847-BAB1-C9865550AB6B}.Debug|Any CPU.Build.0 = Debug|Any CPU
		{FF09E43E-5801-4847-BAB1-C9865550AB6B}.Debug|x86.ActiveCfg = Debug|Any CPU
		{FF09E43E-5801-4847-BAB1-C9865550AB6B}.Debug|x86.Build.0 = Debug|Any CPU
		{FF09E43E-5801-4847-BAB1-C9865550AB6B}.Release|Any CPU.ActiveCfg = Release|Any CPU
		{FF09E43E-5801-4847-BAB1-C9865550AB6B}.Release|Any CPU.Build.0 = Release|Any CPU
		{FF09E43E-5801-4847-BAB1-C9865550AB6B}.Release|x86.ActiveCfg = Release|Any CPU
		{FF09E43E-5801-4847-BAB1-C9865550AB6B}.Release|x86.Build.0 = Release|Any CPU
		{5B30D555-F855-41AE-B5E1-CCAFF1FB7A96}.Debug|Any CPU.ActiveCfg = Debug|Any CPU
		{5B30D555-F855-41AE-B5E1-CCAFF1FB7A96}.Debug|Any CPU.Build.0 = Debug|Any CPU
		{5B30D555-F855-41AE-B5E1-CCAFF1FB7A96}.Debug|x86.ActiveCfg = Debug|Any CPU
		{5B30D555-F855-41AE-B5E1-CCAFF1FB7A96}.Debug|x86.Build.0 = Debug|Any CPU
		{5B30D555-F855-41AE-B5E1-CCAFF1FB7A96}.Release|Any CPU.ActiveCfg = Release|Any CPU
		{5B30D555-F855-41AE-B5E1-CCAFF1FB7A96}.Release|Any CPU.Build.0 = Release|Any CPU
		{5B30D555-F855-41AE-B5E1-CCAFF1FB7A96}.Release|x86.ActiveCfg = Release|Any CPU
		{5B30D555-F855-41AE-B5E1-CCAFF1FB7A96}.Release|x86.Build.0 = Release|Any CPU
		{EE4CED1B-64A0-4438-BDE9-38BDE17AB130}.Debug|Any CPU.ActiveCfg = Debug|Any CPU
		{EE4CED1B-64A0-4438-BDE9-38BDE17AB130}.Debug|Any CPU.Build.0 = Debug|Any CPU
		{EE4CED1B-64A0-4438-BDE9-38BDE17AB130}.Debug|x86.ActiveCfg = Debug|Any CPU
		{EE4CED1B-64A0-4438-BDE9-38BDE17AB130}.Debug|x86.Build.0 = Debug|Any CPU
		{EE4CED1B-64A0-4438-BDE9-38BDE17AB130}.Release|Any CPU.ActiveCfg = Release|Any CPU
		{EE4CED1B-64A0-4438-BDE9-38BDE17AB130}.Release|Any CPU.Build.0 = Release|Any CPU
		{EE4CED1B-64A0-4438-BDE9-38BDE17AB130}.Release|x86.ActiveCfg = Release|Any CPU
		{EE4CED1B-64A0-4438-BDE9-38BDE17AB130}.Release|x86.Build.0 = Release|Any CPU
		{22FEB85F-5291-4838-BE56-1B9849A2C8F9}.Debug|Any CPU.ActiveCfg = Debug|Any CPU
		{22FEB85F-5291-4838-BE56-1B9849A2C8F9}.Debug|Any CPU.Build.0 = Debug|Any CPU
		{22FEB85F-5291-4838-BE56-1B9849A2C8F9}.Debug|x86.ActiveCfg = Debug|Any CPU
		{22FEB85F-5291-4838-BE56-1B9849A2C8F9}.Debug|x86.Build.0 = Debug|Any CPU
		{22FEB85F-5291-4838-BE56-1B9849A2C8F9}.Release|Any CPU.ActiveCfg = Release|Any CPU
		{22FEB85F-5291-4838-BE56-1B9849A2C8F9}.Release|Any CPU.Build.0 = Release|Any CPU
		{22FEB85F-5291-4838-BE56-1B9849A2C8F9}.Release|x86.ActiveCfg = Release|Any CPU
		{22FEB85F-5291-4838-BE56-1B9849A2C8F9}.Release|x86.Build.0 = Release|Any CPU
		{F4F8B185-09FE-4937-BED0-2B37C2704CB4}.Debug|Any CPU.ActiveCfg = Debug|Any CPU
		{F4F8B185-09FE-4937-BED0-2B37C2704CB4}.Debug|Any CPU.Build.0 = Debug|Any CPU
		{F4F8B185-09FE-4937-BED0-2B37C2704CB4}.Debug|x86.ActiveCfg = Debug|Any CPU
		{F4F8B185-09FE-4937-BED0-2B37C2704CB4}.Debug|x86.Build.0 = Debug|Any CPU
		{F4F8B185-09FE-4937-BED0-2B37C2704CB4}.Release|Any CPU.ActiveCfg = Release|Any CPU
		{F4F8B185-09FE-4937-BED0-2B37C2704CB4}.Release|Any CPU.Build.0 = Release|Any CPU
		{F4F8B185-09FE-4937-BED0-2B37C2704CB4}.Release|x86.ActiveCfg = Release|Any CPU
		{F4F8B185-09FE-4937-BED0-2B37C2704CB4}.Release|x86.Build.0 = Release|Any CPU
	EndGlobalSection
	GlobalSection(SolutionProperties) = preSolution
		HideSolutionNode = FALSE
	EndGlobalSection
	GlobalSection(NestedProjects) = preSolution
		{D5ED968B-418B-47F5-A427-CDADECA41DDF} = {92451B1A-F7F5-4A81-810A-6A8BCF04D80E}
		{F6E0850B-F39A-4765-99E6-72D3AB13B3DC} = {92451B1A-F7F5-4A81-810A-6A8BCF04D80E}
		{26D1338B-0BE0-447B-87A8-861CD23569E1} = {867BFDAE-BDAB-448E-AC76-9AC64215A103}
		{5129E1C7-D5DA-418C-8D45-FFCF4240D8B1} = {867BFDAE-BDAB-448E-AC76-9AC64215A103}
		{8ECB4E69-0F1D-41F6-B283-AB736A02B233} = {867BFDAE-BDAB-448E-AC76-9AC64215A103}
		{5B30D555-F855-41AE-B5E1-CCAFF1FB7A96} = {597811EF-C04B-4EDE-A4C7-D182A224293B}
		{EE4CED1B-64A0-4438-BDE9-38BDE17AB130} = {597811EF-C04B-4EDE-A4C7-D182A224293B}
		{22FEB85F-5291-4838-BE56-1B9849A2C8F9} = {92451B1A-F7F5-4A81-810A-6A8BCF04D80E}
		{F4F8B185-09FE-4937-BED0-2B37C2704CB4} = {B7AF6993-6327-4A53-B036-45A77059A093}
	EndGlobalSection
	GlobalSection(ExtensibilityGlobals) = postSolution
		SolutionGuid = {D9CBDDFA-1F20-4E5B-AB9A-9453EF045103}
	EndGlobalSection
EndGlobal
